// !$*UTF8*$!
{
	archiveVersion = 1;
	classes = {
	};
	objectVersion = 55;
	objects = {

/* Begin PBXBuildFile section */
		2D93D08E282AB4D500AA5D39 /* HabitPlusApp.swift in Sources */ = {isa = PBXBuildFile; fileRef = 2D93D08D282AB4D500AA5D39 /* HabitPlusApp.swift */; };
		2D93D090282AB4D500AA5D39 /* ContentView.swift in Sources */ = {isa = PBXBuildFile; fileRef = 2D93D08F282AB4D500AA5D39 /* ContentView.swift */; };
		2D93D092282AB4D700AA5D39 /* Assets.xcassets in Resources */ = {isa = PBXBuildFile; fileRef = 2D93D091282AB4D700AA5D39 /* Assets.xcassets */; };
		2D93D095282AB4D700AA5D39 /* Preview Assets.xcassets in Resources */ = {isa = PBXBuildFile; fileRef = 2D93D094282AB4D700AA5D39 /* Preview Assets.xcassets */; };
		2D93D0A0282AB63900AA5D39 /* SplashView.swift in Sources */ = {isa = PBXBuildFile; fileRef = 2D93D09F282AB63800AA5D39 /* SplashView.swift */; };
		2D93D0A2282AB6FA00AA5D39 /* SplashUIState.swift in Sources */ = {isa = PBXBuildFile; fileRef = 2D93D0A1282AB6FA00AA5D39 /* SplashUIState.swift */; };
		2D93D0A5282AC9FF00AA5D39 /* UIView+Splash.swift in Sources */ = {isa = PBXBuildFile; fileRef = 2D93D0A4282AC9FF00AA5D39 /* UIView+Splash.swift */; };
		2DDCBB13282BFC2F00FBC486 /* SplashViewModel.swift in Sources */ = {isa = PBXBuildFile; fileRef = 2DDCBB12282BFC2F00FBC486 /* SplashViewModel.swift */; };
		2DDCBB1A282C0C3300FBC486 /* SignInView.swift in Sources */ = {isa = PBXBuildFile; fileRef = 2DDCBB19282C0C3300FBC486 /* SignInView.swift */; };
		2DDCBB1C282C0CA900FBC486 /* SignInViewModel.swift in Sources */ = {isa = PBXBuildFile; fileRef = 2DDCBB1B282C0CA900FBC486 /* SignInViewModel.swift */; };
		2DDCBB1E282C0E0200FBC486 /* SplashViewRouter.swift in Sources */ = {isa = PBXBuildFile; fileRef = 2DDCBB1D282C0E0200FBC486 /* SplashViewRouter.swift */; };
/* End PBXBuildFile section */

/* Begin PBXFileReference section */
		2D93D08A282AB4D500AA5D39 /* HabitPlus.app */ = {isa = PBXFileReference; explicitFileType = wrapper.application; includeInIndex = 0; path = HabitPlus.app; sourceTree = BUILT_PRODUCTS_DIR; };
		2D93D08D282AB4D500AA5D39 /* HabitPlusApp.swift */ = {isa = PBXFileReference; lastKnownFileType = sourcecode.swift; path = HabitPlusApp.swift; sourceTree = "<group>"; };
		2D93D08F282AB4D500AA5D39 /* ContentView.swift */ = {isa = PBXFileReference; lastKnownFileType = sourcecode.swift; path = ContentView.swift; sourceTree = "<group>"; };
		2D93D091282AB4D700AA5D39 /* Assets.xcassets */ = {isa = PBXFileReference; lastKnownFileType = folder.assetcatalog; path = Assets.xcassets; sourceTree = "<group>"; };
		2D93D094282AB4D700AA5D39 /* Preview Assets.xcassets */ = {isa = PBXFileReference; lastKnownFileType = folder.assetcatalog; path = "Preview Assets.xcassets"; sourceTree = "<group>"; };
		2D93D09F282AB63800AA5D39 /* SplashView.swift */ = {isa = PBXFileReference; lastKnownFileType = sourcecode.swift; path = SplashView.swift; sourceTree = "<group>"; };
		2D93D0A1282AB6FA00AA5D39 /* SplashUIState.swift */ = {isa = PBXFileReference; lastKnownFileType = sourcecode.swift; path = SplashUIState.swift; sourceTree = "<group>"; };
		2D93D0A4282AC9FF00AA5D39 /* UIView+Splash.swift */ = {isa = PBXFileReference; lastKnownFileType = sourcecode.swift; path = "UIView+Splash.swift"; sourceTree = "<group>"; };
		2DDCBB12282BFC2F00FBC486 /* SplashViewModel.swift */ = {isa = PBXFileReference; lastKnownFileType = sourcecode.swift; path = SplashViewModel.swift; sourceTree = "<group>"; };
		2DDCBB19282C0C3300FBC486 /* SignInView.swift */ = {isa = PBXFileReference; lastKnownFileType = sourcecode.swift; path = SignInView.swift; sourceTree = "<group>"; };
		2DDCBB1B282C0CA900FBC486 /* SignInViewModel.swift */ = {isa = PBXFileReference; lastKnownFileType = sourcecode.swift; path = SignInViewModel.swift; sourceTree = "<group>"; };
		2DDCBB1D282C0E0200FBC486 /* SplashViewRouter.swift */ = {isa = PBXFileReference; lastKnownFileType = sourcecode.swift; path = SplashViewRouter.swift; sourceTree = "<group>"; };
/* End PBXFileReference section */

/* Begin PBXFrameworksBuildPhase section */
		2D93D087282AB4D500AA5D39 /* Frameworks */ = {
			isa = PBXFrameworksBuildPhase;
			buildActionMask = 2147483647;
			files = (
			);
			runOnlyForDeploymentPostprocessing = 0;
		};
/* End PBXFrameworksBuildPhase section */

/* Begin PBXGroup section */
		2D93D081282AB4D500AA5D39 = {
			isa = PBXGroup;
			children = (
				2D93D08C282AB4D500AA5D39 /* HabitPlus */,
				2D93D08B282AB4D500AA5D39 /* Products */,
			);
			sourceTree = "<group>";
		};
		2D93D08B282AB4D500AA5D39 /* Products */ = {
			isa = PBXGroup;
			children = (
				2D93D08A282AB4D500AA5D39 /* HabitPlus.app */,
			);
			name = Products;
			sourceTree = "<group>";
		};
		2D93D08C282AB4D500AA5D39 /* HabitPlus */ = {
			isa = PBXGroup;
			children = (
				2DDCBB14282C0B3800FBC486 /* SignIn */,
				2D93D09B282AB5B400AA5D39 /* Splash */,
				2D93D08D282AB4D500AA5D39 /* HabitPlusApp.swift */,
				2D93D08F282AB4D500AA5D39 /* ContentView.swift */,
				2D93D091282AB4D700AA5D39 /* Assets.xcassets */,
				2D93D093282AB4D700AA5D39 /* Preview Content */,
			);
			path = HabitPlus;
			sourceTree = "<group>";
		};
		2D93D093282AB4D700AA5D39 /* Preview Content */ = {
			isa = PBXGroup;
			children = (
				2D93D094282AB4D700AA5D39 /* Preview Assets.xcassets */,
			);
			path = "Preview Content";
			sourceTree = "<group>";
		};
		2D93D09B282AB5B400AA5D39 /* Splash */ = {
			isa = PBXGroup;
			children = (
				2D93D0A3282AC9E500AA5D39 /* Extensions */,
				2D93D09E282AB5D800AA5D39 /* ViewModel */,
				2D93D09D282AB5CE00AA5D39 /* Model */,
				2D93D09C282AB5C700AA5D39 /* View */,
			);
			path = Splash;
			sourceTree = "<group>";
		};
		2D93D09C282AB5C700AA5D39 /* View */ = {
			isa = PBXGroup;
			children = (
				2D93D09F282AB63800AA5D39 /* SplashView.swift */,
			);
			path = View;
			sourceTree = "<group>";
		};
		2D93D09D282AB5CE00AA5D39 /* Model */ = {
			isa = PBXGroup;
			children = (
				2D93D0A1282AB6FA00AA5D39 /* SplashUIState.swift */,
			);
			path = Model;
			sourceTree = "<group>";
		};
		2D93D09E282AB5D800AA5D39 /* ViewModel */ = {
			isa = PBXGroup;
			children = (
				2DDCBB12282BFC2F00FBC486 /* SplashViewModel.swift */,
				2DDCBB1D282C0E0200FBC486 /* SplashViewRouter.swift */,
			);
			path = ViewModel;
			sourceTree = "<group>";
		};
		2D93D0A3282AC9E500AA5D39 /* Extensions */ = {
			isa = PBXGroup;
			children = (
				2D93D0A4282AC9FF00AA5D39 /* UIView+Splash.swift */,
			);
			path = Extensions;
			sourceTree = "<group>";
		};
		2DDCBB14282C0B3800FBC486 /* SignIn */ = {
			isa = PBXGroup;
			children = (
				2DDCBB18282C0B9300FBC486 /* Extensions */,
				2DDCBB17282C0B8400FBC486 /* ViewModel */,
				2DDCBB16282C0B7600FBC486 /* Model */,
				2DDCBB15282C0B5D00FBC486 /* View */,
			);
			path = SignIn;
			sourceTree = "<group>";
		};
		2DDCBB15282C0B5D00FBC486 /* View */ = {
			isa = PBXGroup;
			children = (
				2DDCBB19282C0C3300FBC486 /* SignInView.swift */,
			);
			path = View;
			sourceTree = "<group>";
		};
		2DDCBB16282C0B7600FBC486 /* Model */ = {
			isa = PBXGroup;
			children = (
			);
			path = Model;
			sourceTree = "<group>";
		};
		2DDCBB17282C0B8400FBC486 /* ViewModel */ = {
			isa = PBXGroup;
			children = (
				2DDCBB1B282C0CA900FBC486 /* SignInViewModel.swift */,
			);
			path = ViewModel;
			sourceTree = "<group>";
		};
		2DDCBB18282C0B9300FBC486 /* Extensions */ = {
			isa = PBXGroup;
			children = (
			);
			path = Extensions;
			sourceTree = "<group>";
		};
/* End PBXGroup section */

/* Begin PBXNativeTarget section */
		2D93D089282AB4D500AA5D39 /* HabitPlus */ = {
			isa = PBXNativeTarget;
			buildConfigurationList = 2D93D098282AB4D700AA5D39 /* Build configuration list for PBXNativeTarget "HabitPlus" */;
			buildPhases = (
				2D93D086282AB4D500AA5D39 /* Sources */,
				2D93D087282AB4D500AA5D39 /* Frameworks */,
				2D93D088282AB4D500AA5D39 /* Resources */,
			);
			buildRules = (
			);
			dependencies = (
			);
			name = HabitPlus;
			productName = HabitPlus;
			productReference = 2D93D08A282AB4D500AA5D39 /* HabitPlus.app */;
			productType = "com.apple.product-type.application";
		};
/* End PBXNativeTarget section */

/* Begin PBXProject section */
		2D93D082282AB4D500AA5D39 /* Project object */ = {
			isa = PBXProject;
			attributes = {
				BuildIndependentTargetsInParallel = 1;
				LastSwiftUpdateCheck = 1330;
				LastUpgradeCheck = 1330;
				TargetAttributes = {
					2D93D089282AB4D500AA5D39 = {
						CreatedOnToolsVersion = 13.3.1;
					};
				};
			};
			buildConfigurationList = 2D93D085282AB4D500AA5D39 /* Build configuration list for PBXProject "HabitPlus" */;
			compatibilityVersion = "Xcode 13.0";
			developmentRegion = en;
			hasScannedForEncodings = 0;
			knownRegions = (
				en,
				Base,
			);
			mainGroup = 2D93D081282AB4D500AA5D39;
			productRefGroup = 2D93D08B282AB4D500AA5D39 /* Products */;
			projectDirPath = "";
			projectRoot = "";
			targets = (
				2D93D089282AB4D500AA5D39 /* HabitPlus */,
			);
		};
/* End PBXProject section */

/* Begin PBXResourcesBuildPhase section */
		2D93D088282AB4D500AA5D39 /* Resources */ = {
			isa = PBXResourcesBuildPhase;
			buildActionMask = 2147483647;
			files = (
				2D93D095282AB4D700AA5D39 /* Preview Assets.xcassets in Resources */,
				2D93D092282AB4D700AA5D39 /* Assets.xcassets in Resources */,
			);
			runOnlyForDeploymentPostprocessing = 0;
		};
/* End PBXResourcesBuildPhase section */

/* Begin PBXSourcesBuildPhase section */
		2D93D086282AB4D500AA5D39 /* Sources */ = {
			isa = PBXSourcesBuildPhase;
			buildActionMask = 2147483647;
			files = (
				2D93D0A2282AB6FA00AA5D39 /* SplashUIState.swift in Sources */,
				2DDCBB1A282C0C3300FBC486 /* SignInView.swift in Sources */,
				2D93D0A5282AC9FF00AA5D39 /* UIView+Splash.swift in Sources */,
				2D93D090282AB4D500AA5D39 /* ContentView.swift in Sources */,
				2DDCBB1C282C0CA900FBC486 /* SignInViewModel.swift in Sources */,
				2DDCBB13282BFC2F00FBC486 /* SplashViewModel.swift in Sources */,
				2D93D08E282AB4D500AA5D39 /* HabitPlusApp.swift in Sources */,
				2D93D0A0282AB63900AA5D39 /* SplashView.swift in Sources */,
				2DDCBB1E282C0E0200FBC486 /* SplashViewRouter.swift in Sources */,
			);
			runOnlyForDeploymentPostprocessing = 0;
		};
/* End PBXSourcesBuildPhase section */

/* Begin XCBuildConfiguration section */
		2D93D096282AB4D700AA5D39 /* Debug */ = {
			isa = XCBuildConfiguration;
			buildSettings = {
				ALWAYS_SEARCH_USER_PATHS = NO;
				CLANG_ANALYZER_NONNULL = YES;
				CLANG_ANALYZER_NUMBER_OBJECT_CONVERSION = YES_AGGRESSIVE;
				CLANG_CXX_LANGUAGE_STANDARD = "gnu++17";
				CLANG_ENABLE_MODULES = YES;
				CLANG_ENABLE_OBJC_ARC = YES;
				CLANG_ENABLE_OBJC_WEAK = YES;
				CLANG_WARN_BLOCK_CAPTURE_AUTORELEASING = YES;
				CLANG_WARN_BOOL_CONVERSION = YES;
				CLANG_WARN_COMMA = YES;
				CLANG_WARN_CONSTANT_CONVERSION = YES;
				CLANG_WARN_DEPRECATED_OBJC_IMPLEMENTATIONS = YES;
				CLANG_WARN_DIRECT_OBJC_ISA_USAGE = YES_ERROR;
				CLANG_WARN_DOCUMENTATION_COMMENTS = YES;
				CLANG_WARN_EMPTY_BODY = YES;
				CLANG_WARN_ENUM_CONVERSION = YES;
				CLANG_WARN_INFINITE_RECURSION = YES;
				CLANG_WARN_INT_CONVERSION = YES;
				CLANG_WARN_NON_LITERAL_NULL_CONVERSION = YES;
				CLANG_WARN_OBJC_IMPLICIT_RETAIN_SELF = YES;
				CLANG_WARN_OBJC_LITERAL_CONVERSION = YES;
				CLANG_WARN_OBJC_ROOT_CLASS = YES_ERROR;
				CLANG_WARN_QUOTED_INCLUDE_IN_FRAMEWORK_HEADER = YES;
				CLANG_WARN_RANGE_LOOP_ANALYSIS = YES;
				CLANG_WARN_STRICT_PROTOTYPES = YES;
				CLANG_WARN_SUSPICIOUS_MOVE = YES;
				CLANG_WARN_UNGUARDED_AVAILABILITY = YES_AGGRESSIVE;
				CLANG_WARN_UNREACHABLE_CODE = YES;
				CLANG_WARN__DUPLICATE_METHOD_MATCH = YES;
				COPY_PHASE_STRIP = NO;
				DEBUG_INFORMATION_FORMAT = dwarf;
				ENABLE_STRICT_OBJC_MSGSEND = YES;
				ENABLE_TESTABILITY = YES;
				GCC_C_LANGUAGE_STANDARD = gnu11;
				GCC_DYNAMIC_NO_PIC = NO;
				GCC_NO_COMMON_BLOCKS = YES;
				GCC_OPTIMIZATION_LEVEL = 0;
				GCC_PREPROCESSOR_DEFINITIONS = (
					"DEBUG=1",
					"$(inherited)",
				);
				GCC_WARN_64_TO_32_BIT_CONVERSION = YES;
				GCC_WARN_ABOUT_RETURN_TYPE = YES_ERROR;
				GCC_WARN_UNDECLARED_SELECTOR = YES;
				GCC_WARN_UNINITIALIZED_AUTOS = YES_AGGRESSIVE;
				GCC_WARN_UNUSED_FUNCTION = YES;
				GCC_WARN_UNUSED_VARIABLE = YES;
				IPHONEOS_DEPLOYMENT_TARGET = 15.4;
				MTL_ENABLE_DEBUG_INFO = INCLUDE_SOURCE;
				MTL_FAST_MATH = YES;
				ONLY_ACTIVE_ARCH = YES;
				SDKROOT = iphoneos;
				SWIFT_ACTIVE_COMPILATION_CONDITIONS = DEBUG;
				SWIFT_OPTIMIZATION_LEVEL = "-Onone";
			};
			name = Debug;
		};
		2D93D097282AB4D700AA5D39 /* Release */ = {
			isa = XCBuildConfiguration;
			buildSettings = {
				ALWAYS_SEARCH_USER_PATHS = NO;
				CLANG_ANALYZER_NONNULL = YES;
				CLANG_ANALYZER_NUMBER_OBJECT_CONVERSION = YES_AGGRESSIVE;
				CLANG_CXX_LANGUAGE_STANDARD = "gnu++17";
				CLANG_ENABLE_MODULES = YES;
				CLANG_ENABLE_OBJC_ARC = YES;
				CLANG_ENABLE_OBJC_WEAK = YES;
				CLANG_WARN_BLOCK_CAPTURE_AUTORELEASING = YES;
				CLANG_WARN_BOOL_CONVERSION = YES;
				CLANG_WARN_COMMA = YES;
				CLANG_WARN_CONSTANT_CONVERSION = YES;
				CLANG_WARN_DEPRECATED_OBJC_IMPLEMENTATIONS = YES;
				CLANG_WARN_DIRECT_OBJC_ISA_USAGE = YES_ERROR;
				CLANG_WARN_DOCUMENTATION_COMMENTS = YES;
				CLANG_WARN_EMPTY_BODY = YES;
				CLANG_WARN_ENUM_CONVERSION = YES;
				CLANG_WARN_INFINITE_RECURSION = YES;
				CLANG_WARN_INT_CONVERSION = YES;
				CLANG_WARN_NON_LITERAL_NULL_CONVERSION = YES;
				CLANG_WARN_OBJC_IMPLICIT_RETAIN_SELF = YES;
				CLANG_WARN_OBJC_LITERAL_CONVERSION = YES;
				CLANG_WARN_OBJC_ROOT_CLASS = YES_ERROR;
				CLANG_WARN_QUOTED_INCLUDE_IN_FRAMEWORK_HEADER = YES;
				CLANG_WARN_RANGE_LOOP_ANALYSIS = YES;
				CLANG_WARN_STRICT_PROTOTYPES = YES;
				CLANG_WARN_SUSPICIOUS_MOVE = YES;
				CLANG_WARN_UNGUARDED_AVAILABILITY = YES_AGGRESSIVE;
				CLANG_WARN_UNREACHABLE_CODE = YES;
				CLANG_WARN__DUPLICATE_METHOD_MATCH = YES;
				COPY_PHASE_STRIP = NO;
				DEBUG_INFORMATION_FORMAT = "dwarf-with-dsym";
				ENABLE_NS_ASSERTIONS = NO;
				ENABLE_STRICT_OBJC_MSGSEND = YES;
				GCC_C_LANGUAGE_STANDARD = gnu11;
				GCC_NO_COMMON_BLOCKS = YES;
				GCC_WARN_64_TO_32_BIT_CONVERSION = YES;
				GCC_WARN_ABOUT_RETURN_TYPE = YES_ERROR;
				GCC_WARN_UNDECLARED_SELECTOR = YES;
				GCC_WARN_UNINITIALIZED_AUTOS = YES_AGGRESSIVE;
				GCC_WARN_UNUSED_FUNCTION = YES;
				GCC_WARN_UNUSED_VARIABLE = YES;
				IPHONEOS_DEPLOYMENT_TARGET = 15.4;
				MTL_ENABLE_DEBUG_INFO = NO;
				MTL_FAST_MATH = YES;
				SDKROOT = iphoneos;
				SWIFT_COMPILATION_MODE = wholemodule;
				SWIFT_OPTIMIZATION_LEVEL = "-O";
				VALIDATE_PRODUCT = YES;
			};
			name = Release;
		};
		2D93D099282AB4D700AA5D39 /* Debug */ = {
			isa = XCBuildConfiguration;
			buildSettings = {
				ASSETCATALOG_COMPILER_APPICON_NAME = AppIcon;
				ASSETCATALOG_COMPILER_GLOBAL_ACCENT_COLOR_NAME = AccentColor;
				CODE_SIGN_STYLE = Automatic;
				CURRENT_PROJECT_VERSION = 1;
				DEVELOPMENT_ASSET_PATHS = "\"HabitPlus/Preview Content\"";
				ENABLE_PREVIEWS = YES;
				GENERATE_INFOPLIST_FILE = YES;
				INFOPLIST_KEY_UIApplicationSceneManifest_Generation = YES;
				INFOPLIST_KEY_UIApplicationSupportsIndirectInputEvents = YES;
				INFOPLIST_KEY_UILaunchScreen_Generation = YES;
				INFOPLIST_KEY_UISupportedInterfaceOrientations_iPad = "UIInterfaceOrientationPortrait UIInterfaceOrientationPortraitUpsideDown UIInterfaceOrientationLandscapeLeft UIInterfaceOrientationLandscapeRight";
				INFOPLIST_KEY_UISupportedInterfaceOrientations_iPhone = "UIInterfaceOrientationPortrait UIInterfaceOrientationLandscapeLeft UIInterfaceOrientationLandscapeRight";
				LD_RUNPATH_SEARCH_PATHS = (
					"$(inherited)",
					"@executable_path/Frameworks",
				);
				MARKETING_VERSION = 1.0;
				PRODUCT_BUNDLE_IDENTIFIER = MS.HabitPlus;
				PRODUCT_NAME = "$(TARGET_NAME)";
				SWIFT_EMIT_LOC_STRINGS = YES;
				SWIFT_VERSION = 5.0;
				TARGETED_DEVICE_FAMILY = "1,2";
			};
			name = Debug;
		};
		2D93D09A282AB4D700AA5D39 /* Release */ = {
			isa = XCBuildConfiguration;
			buildSettings = {
				ASSETCATALOG_COMPILER_APPICON_NAME = AppIcon;
				ASSETCATALOG_COMPILER_GLOBAL_ACCENT_COLOR_NAME = AccentColor;
				CODE_SIGN_STYLE = Automatic;
				CURRENT_PROJECT_VERSION = 1;
				DEVELOPMENT_ASSET_PATHS = "\"HabitPlus/Preview Content\"";
				ENABLE_PREVIEWS = YES;
				GENERATE_INFOPLIST_FILE = YES;
				INFOPLIST_KEY_UIApplicationSceneManifest_Generation = YES;
				INFOPLIST_KEY_UIApplicationSupportsIndirectInputEvents = YES;
				INFOPLIST_KEY_UILaunchScreen_Generation = YES;
				INFOPLIST_KEY_UISupportedInterfaceOrientations_iPad = "UIInterfaceOrientationPortrait UIInterfaceOrientationPortraitUpsideDown UIInterfaceOrientationLandscapeLeft UIInterfaceOrientationLandscapeRight";
				INFOPLIST_KEY_UISupportedInterfaceOrientations_iPhone = "UIInterfaceOrientationPortrait UIInterfaceOrientationLandscapeLeft UIInterfaceOrientationLandscapeRight";
				LD_RUNPATH_SEARCH_PATHS = (
					"$(inherited)",
					"@executable_path/Frameworks",
				);
				MARKETING_VERSION = 1.0;
				PRODUCT_BUNDLE_IDENTIFIER = MS.HabitPlus;
				PRODUCT_NAME = "$(TARGET_NAME)";
				SWIFT_EMIT_LOC_STRINGS = YES;
				SWIFT_VERSION = 5.0;
				TARGETED_DEVICE_FAMILY = "1,2";
			};
			name = Release;
		};
/* End XCBuildConfiguration section */

/* Begin XCConfigurationList section */
		2D93D085282AB4D500AA5D39 /* Build configuration list for PBXProject "HabitPlus" */ = {
			isa = XCConfigurationList;
			buildConfigurations = (
				2D93D096282AB4D700AA5D39 /* Debug */,
				2D93D097282AB4D700AA5D39 /* Release */,
			);
			defaultConfigurationIsVisible = 0;
			defaultConfigurationName = Release;
		};
		2D93D098282AB4D700AA5D39 /* Build configuration list for PBXNativeTarget "HabitPlus" */ = {
			isa = XCConfigurationList;
			buildConfigurations = (
				2D93D099282AB4D700AA5D39 /* Debug */,
				2D93D09A282AB4D700AA5D39 /* Release */,
			);
			defaultConfigurationIsVisible = 0;
			defaultConfigurationName = Release;
		};
/* End XCConfigurationList section */
	};
	rootObject = 2D93D082282AB4D500AA5D39 /* Project object */;
}
